// !$*UTF8*$!
{
	archiveVersion = 1;
	classes = {
	};
	objectVersion = 46;
	objects = {

/* Begin PBXBuildFile section */
		E06CF4A51E70A04C004B99B8 /* AppDelegate.swift in Sources */ = {isa = PBXBuildFile; fileRef = E06CF4A41E70A04C004B99B8 /* AppDelegate.swift */; };
		E06CF4AA1E70A04C004B99B8 /* Main.storyboard in Resources */ = {isa = PBXBuildFile; fileRef = E06CF4A81E70A04C004B99B8 /* Main.storyboard */; };
		E06CF4AC1E70A04C004B99B8 /* Assets.xcassets in Resources */ = {isa = PBXBuildFile; fileRef = E06CF4AB1E70A04C004B99B8 /* Assets.xcassets */; };
		E06CF4AF1E70A04C004B99B8 /* LaunchScreen.storyboard in Resources */ = {isa = PBXBuildFile; fileRef = E06CF4AD1E70A04C004B99B8 /* LaunchScreen.storyboard */; };
		E07AEB391E70B03F001A7E37 /* CoreGraphics.framework in Frameworks */ = {isa = PBXBuildFile; fileRef = E07AEB381E70B03F001A7E37 /* CoreGraphics.framework */; };
		E07AEB3B1E70B045001A7E37 /* CoreVideo.framework in Frameworks */ = {isa = PBXBuildFile; fileRef = E07AEB3A1E70B045001A7E37 /* CoreVideo.framework */; };
		E07AEB3D1E70B051001A7E37 /* CoreMedia.framework in Frameworks */ = {isa = PBXBuildFile; fileRef = E07AEB3C1E70B051001A7E37 /* CoreMedia.framework */; };
		E07AEB411E70B062001A7E37 /* AVFoundation.framework in Frameworks */ = {isa = PBXBuildFile; fileRef = E07AEB401E70B062001A7E37 /* AVFoundation.framework */; };
		E07AEB431E70B068001A7E37 /* AudioToolbox.framework in Frameworks */ = {isa = PBXBuildFile; fileRef = E07AEB421E70B068001A7E37 /* AudioToolbox.framework */; };
		E07AEB451E70B075001A7E37 /* GLKit.framework in Frameworks */ = {isa = PBXBuildFile; fileRef = E07AEB441E70B075001A7E37 /* GLKit.framework */; };
		E07AEB611E70DD33001A7E37 /* VideoToolbox.framework in Frameworks */ = {isa = PBXBuildFile; fileRef = E07AEB601E70DD33001A7E37 /* VideoToolbox.framework */; };
		E07AEB631E70DE95001A7E37 /* CoreImage.framework in Frameworks */ = {isa = PBXBuildFile; fileRef = E07AEB621E70DE95001A7E37 /* CoreImage.framework */; };
		E07AEB671E70DEF4001A7E37 /* libc++.1.dylib in Frameworks */ = {isa = PBXBuildFile; fileRef = E07AEB641E70DEF4001A7E37 /* libc++.1.dylib */; };
		E07AEB681E70DEF4001A7E37 /* libicucore.A.dylib in Frameworks */ = {isa = PBXBuildFile; fileRef = E07AEB651E70DEF4001A7E37 /* libicucore.A.dylib */; };
		E07AEB691E70DEF4001A7E37 /* libsqlite3.dylib in Frameworks */ = {isa = PBXBuildFile; fileRef = E07AEB661E70DEF4001A7E37 /* libsqlite3.dylib */; };
		E07AEB6C1E70DF34001A7E37 /* WebRTC.framework in Frameworks */ = {isa = PBXBuildFile; fileRef = E07AEB6A1E70DF04001A7E37 /* WebRTC.framework */; };
		E07AEB6D1E70DF34001A7E37 /* WebRTC.framework in Embed Frameworks */ = {isa = PBXBuildFile; fileRef = E07AEB6A1E70DF04001A7E37 /* WebRTC.framework */; settings = {ATTRIBUTES = (CodeSignOnCopy, RemoveHeadersOnCopy, ); }; };
		E07AEB9B1E70DF9D001A7E37 /* ARDAppClient.m in Sources */ = {isa = PBXBuildFile; fileRef = E07AEB721E70DF9D001A7E37 /* ARDAppClient.m */; };
		E07AEB9C1E70DF9D001A7E37 /* ARDAppEngineClient.m in Sources */ = {isa = PBXBuildFile; fileRef = E07AEB741E70DF9D001A7E37 /* ARDAppEngineClient.m */; };
		E07AEB9D1E70DF9D001A7E37 /* ARDBitrateTracker.m in Sources */ = {isa = PBXBuildFile; fileRef = E07AEB761E70DF9D001A7E37 /* ARDBitrateTracker.m */; };
		E07AEB9E1E70DF9D001A7E37 /* ARDCEODTURNClient.m in Sources */ = {isa = PBXBuildFile; fileRef = E07AEB781E70DF9D001A7E37 /* ARDCEODTURNClient.m */; };
		E07AEB9F1E70DF9D001A7E37 /* ARDJoinResponse.m in Sources */ = {isa = PBXBuildFile; fileRef = E07AEB7B1E70DF9D001A7E37 /* ARDJoinResponse.m */; };
		E07AEBA01E70DF9D001A7E37 /* ARDMessageResponse.m in Sources */ = {isa = PBXBuildFile; fileRef = E07AEB7E1E70DF9D001A7E37 /* ARDMessageResponse.m */; };
		E07AEBA11E70DF9D001A7E37 /* ARDRegisterResponse.m in Sources */ = {isa = PBXBuildFile; fileRef = E07AEB801E70DF9D001A7E37 /* ARDRegisterResponse.m */; };
		E07AEBA21E70DF9D001A7E37 /* ARDSDPUtils.m in Sources */ = {isa = PBXBuildFile; fileRef = E07AEB831E70DF9D001A7E37 /* ARDSDPUtils.m */; };
		E07AEBA31E70DF9D001A7E37 /* ARDSignalingMessage.m in Sources */ = {isa = PBXBuildFile; fileRef = E07AEB861E70DF9D001A7E37 /* ARDSignalingMessage.m */; };
		E07AEBA41E70DF9D001A7E37 /* ARDStatsBuilder.m in Sources */ = {isa = PBXBuildFile; fileRef = E07AEB881E70DF9D001A7E37 /* ARDStatsBuilder.m */; };
		E07AEBA51E70DF9D001A7E37 /* ARDUtilities.m in Sources */ = {isa = PBXBuildFile; fileRef = E07AEB8B1E70DF9D001A7E37 /* ARDUtilities.m */; };
		E07AEBA61E70DF9D001A7E37 /* ARDWebSocketChannel.m in Sources */ = {isa = PBXBuildFile; fileRef = E07AEB8D1E70DF9D001A7E37 /* ARDWebSocketChannel.m */; };
		E07AEBA81E70DF9D001A7E37 /* RTCICECandidate+JSON.m in Sources */ = {isa = PBXBuildFile; fileRef = E07AEB931E70DF9D001A7E37 /* RTCICECandidate+JSON.m */; };
		E07AEBA91E70DF9D001A7E37 /* RTCICEServer+JSON.m in Sources */ = {isa = PBXBuildFile; fileRef = E07AEB951E70DF9D001A7E37 /* RTCICEServer+JSON.m */; };
		E07AEBAA1E70DF9D001A7E37 /* RTCMediaConstraints+JSON.m in Sources */ = {isa = PBXBuildFile; fileRef = E07AEB971E70DF9D001A7E37 /* RTCMediaConstraints+JSON.m */; };
		E07AEBAB1E70DF9D001A7E37 /* RTCSessionDescription+JSON.m in Sources */ = {isa = PBXBuildFile; fileRef = E07AEB991E70DF9D001A7E37 /* RTCSessionDescription+JSON.m */; };
		E07AEBAC1E70DF9D001A7E37 /* SRWebSocket.m in Sources */ = {isa = PBXBuildFile; fileRef = E07AEB9A1E70DF9D001A7E37 /* SRWebSocket.m */; };
		E07AEBAF1E70E2B5001A7E37 /* Config.swift in Sources */ = {isa = PBXBuildFile; fileRef = E07AEBAE1E70E2B5001A7E37 /* Config.swift */; };
		E07AEBB41E70E830001A7E37 /* NSURLSession+SynchronousRequest.m in Sources */ = {isa = PBXBuildFile; fileRef = E07AEBB31E70E830001A7E37 /* NSURLSession+SynchronousRequest.m */; };
		E07AEBB61E70EB26001A7E37 /* CallVC.swift in Sources */ = {isa = PBXBuildFile; fileRef = E07AEBB51E70EB26001A7E37 /* CallVC.swift */; };
		E07AEBB81E70EB9C001A7E37 /* HomeVC.swift in Sources */ = {isa = PBXBuildFile; fileRef = E07AEBB71E70EB9C001A7E37 /* HomeVC.swift */; };
		E07AEBBE1E7123DD001A7E37 /* HTTPRequest.m in Sources */ = {isa = PBXBuildFile; fileRef = E07AEBBD1E7123DD001A7E37 /* HTTPRequest.m */; };
/* End PBXBuildFile section */

/* Begin PBXCopyFilesBuildPhase section */
		E07AEB6E1E70DF34001A7E37 /* Embed Frameworks */ = {
			isa = PBXCopyFilesBuildPhase;
			buildActionMask = 2147483647;
			dstPath = "";
			dstSubfolderSpec = 10;
			files = (
				E07AEB6D1E70DF34001A7E37 /* WebRTC.framework in Embed Frameworks */,
			);
			name = "Embed Frameworks";
			runOnlyForDeploymentPostprocessing = 0;
		};
/* End PBXCopyFilesBuildPhase section */

/* Begin PBXFileReference section */
		E06CF4A11E70A04C004B99B8 /* WebRTC-iOS-Client.app */ = {isa = PBXFileReference; explicitFileType = wrapper.application; includeInIndex = 0; path = "WebRTC-iOS-Client.app"; sourceTree = BUILT_PRODUCTS_DIR; };
		E06CF4A41E70A04C004B99B8 /* AppDelegate.swift */ = {isa = PBXFileReference; lastKnownFileType = sourcecode.swift; path = AppDelegate.swift; sourceTree = "<group>"; };
		E06CF4A91E70A04C004B99B8 /* Base */ = {isa = PBXFileReference; lastKnownFileType = file.storyboard; name = Base; path = Base.lproj/Main.storyboard; sourceTree = "<group>"; };
		E06CF4AB1E70A04C004B99B8 /* Assets.xcassets */ = {isa = PBXFileReference; lastKnownFileType = folder.assetcatalog; path = Assets.xcassets; sourceTree = "<group>"; };
		E06CF4AE1E70A04C004B99B8 /* Base */ = {isa = PBXFileReference; lastKnownFileType = file.storyboard; name = Base; path = Base.lproj/LaunchScreen.storyboard; sourceTree = "<group>"; };
		E06CF4B01E70A04C004B99B8 /* Info.plist */ = {isa = PBXFileReference; lastKnownFileType = text.plist.xml; path = Info.plist; sourceTree = "<group>"; };
		E07AEB111E70A930001A7E37 /* Bridging.h */ = {isa = PBXFileReference; lastKnownFileType = sourcecode.c.h; path = Bridging.h; sourceTree = "<group>"; };
		E07AEB361E70B032001A7E37 /* OpenGLES.framework */ = {isa = PBXFileReference; lastKnownFileType = wrapper.framework; name = OpenGLES.framework; path = System/Library/Frameworks/OpenGLES.framework; sourceTree = SDKROOT; };
		E07AEB381E70B03F001A7E37 /* CoreGraphics.framework */ = {isa = PBXFileReference; lastKnownFileType = wrapper.framework; name = CoreGraphics.framework; path = System/Library/Frameworks/CoreGraphics.framework; sourceTree = SDKROOT; };
		E07AEB3A1E70B045001A7E37 /* CoreVideo.framework */ = {isa = PBXFileReference; lastKnownFileType = wrapper.framework; name = CoreVideo.framework; path = System/Library/Frameworks/CoreVideo.framework; sourceTree = SDKROOT; };
		E07AEB3C1E70B051001A7E37 /* CoreMedia.framework */ = {isa = PBXFileReference; lastKnownFileType = wrapper.framework; name = CoreMedia.framework; path = System/Library/Frameworks/CoreMedia.framework; sourceTree = SDKROOT; };
		E07AEB401E70B062001A7E37 /* AVFoundation.framework */ = {isa = PBXFileReference; lastKnownFileType = wrapper.framework; name = AVFoundation.framework; path = System/Library/Frameworks/AVFoundation.framework; sourceTree = SDKROOT; };
		E07AEB421E70B068001A7E37 /* AudioToolbox.framework */ = {isa = PBXFileReference; lastKnownFileType = wrapper.framework; name = AudioToolbox.framework; path = System/Library/Frameworks/AudioToolbox.framework; sourceTree = SDKROOT; };
		E07AEB441E70B075001A7E37 /* GLKit.framework */ = {isa = PBXFileReference; lastKnownFileType = wrapper.framework; name = GLKit.framework; path = System/Library/Frameworks/GLKit.framework; sourceTree = SDKROOT; };
		E07AEB601E70DD33001A7E37 /* VideoToolbox.framework */ = {isa = PBXFileReference; lastKnownFileType = wrapper.framework; name = VideoToolbox.framework; path = System/Library/Frameworks/VideoToolbox.framework; sourceTree = SDKROOT; };
		E07AEB621E70DE95001A7E37 /* CoreImage.framework */ = {isa = PBXFileReference; lastKnownFileType = wrapper.framework; name = CoreImage.framework; path = System/Library/Frameworks/CoreImage.framework; sourceTree = SDKROOT; };
		E07AEB641E70DEF4001A7E37 /* libc++.1.dylib */ = {isa = PBXFileReference; lastKnownFileType = "compiled.mach-o.dylib"; name = "libc++.1.dylib"; path = "WebRTC-iOS-Client/Frameworks/libc++.1.dylib"; sourceTree = "<group>"; };
		E07AEB651E70DEF4001A7E37 /* libicucore.A.dylib */ = {isa = PBXFileReference; lastKnownFileType = "compiled.mach-o.dylib"; name = libicucore.A.dylib; path = "WebRTC-iOS-Client/Frameworks/libicucore.A.dylib"; sourceTree = "<group>"; };
		E07AEB661E70DEF4001A7E37 /* libsqlite3.dylib */ = {isa = PBXFileReference; lastKnownFileType = "compiled.mach-o.dylib"; name = libsqlite3.dylib; path = "WebRTC-iOS-Client/Frameworks/libsqlite3.dylib"; sourceTree = "<group>"; };
		E07AEB6A1E70DF04001A7E37 /* WebRTC.framework */ = {isa = PBXFileReference; lastKnownFileType = wrapper.framework; name = WebRTC.framework; path = "WebRTC-iOS-Client/Frameworks/WebRTC-iOS/WebRTC.framework"; sourceTree = "<group>"; };
		E07AEB701E70DF9D001A7E37 /* ARDAppClient+Internal.h */ = {isa = PBXFileReference; fileEncoding = 4; lastKnownFileType = sourcecode.c.h; path = "ARDAppClient+Internal.h"; sourceTree = "<group>"; };
		E07AEB711E70DF9D001A7E37 /* ARDAppClient.h */ = {isa = PBXFileReference; fileEncoding = 4; lastKnownFileType = sourcecode.c.h; path = ARDAppClient.h; sourceTree = "<group>"; };
		E07AEB721E70DF9D001A7E37 /* ARDAppClient.m */ = {isa = PBXFileReference; fileEncoding = 4; lastKnownFileType = sourcecode.c.objc; path = ARDAppClient.m; sourceTree = "<group>"; };
		E07AEB731E70DF9D001A7E37 /* ARDAppEngineClient.h */ = {isa = PBXFileReference; fileEncoding = 4; lastKnownFileType = sourcecode.c.h; path = ARDAppEngineClient.h; sourceTree = "<group>"; };
		E07AEB741E70DF9D001A7E37 /* ARDAppEngineClient.m */ = {isa = PBXFileReference; fileEncoding = 4; lastKnownFileType = sourcecode.c.objc; path = ARDAppEngineClient.m; sourceTree = "<group>"; };
		E07AEB751E70DF9D001A7E37 /* ARDBitrateTracker.h */ = {isa = PBXFileReference; fileEncoding = 4; lastKnownFileType = sourcecode.c.h; path = ARDBitrateTracker.h; sourceTree = "<group>"; };
		E07AEB761E70DF9D001A7E37 /* ARDBitrateTracker.m */ = {isa = PBXFileReference; fileEncoding = 4; lastKnownFileType = sourcecode.c.objc; path = ARDBitrateTracker.m; sourceTree = "<group>"; };
		E07AEB771E70DF9D001A7E37 /* ARDCEODTURNClient.h */ = {isa = PBXFileReference; fileEncoding = 4; lastKnownFileType = sourcecode.c.h; path = ARDCEODTURNClient.h; sourceTree = "<group>"; };
		E07AEB781E70DF9D001A7E37 /* ARDCEODTURNClient.m */ = {isa = PBXFileReference; fileEncoding = 4; lastKnownFileType = sourcecode.c.objc; path = ARDCEODTURNClient.m; sourceTree = "<group>"; };
		E07AEB791E70DF9D001A7E37 /* ARDJoinResponse+Internal.h */ = {isa = PBXFileReference; fileEncoding = 4; lastKnownFileType = sourcecode.c.h; path = "ARDJoinResponse+Internal.h"; sourceTree = "<group>"; };
		E07AEB7A1E70DF9D001A7E37 /* ARDJoinResponse.h */ = {isa = PBXFileReference; fileEncoding = 4; lastKnownFileType = sourcecode.c.h; path = ARDJoinResponse.h; sourceTree = "<group>"; };
		E07AEB7B1E70DF9D001A7E37 /* ARDJoinResponse.m */ = {isa = PBXFileReference; fileEncoding = 4; lastKnownFileType = sourcecode.c.objc; path = ARDJoinResponse.m; sourceTree = "<group>"; };
		E07AEB7C1E70DF9D001A7E37 /* ARDMessageResponse+Internal.h */ = {isa = PBXFileReference; fileEncoding = 4; lastKnownFileType = sourcecode.c.h; path = "ARDMessageResponse+Internal.h"; sourceTree = "<group>"; };
		E07AEB7D1E70DF9D001A7E37 /* ARDMessageResponse.h */ = {isa = PBXFileReference; fileEncoding = 4; lastKnownFileType = sourcecode.c.h; path = ARDMessageResponse.h; sourceTree = "<group>"; };
		E07AEB7E1E70DF9D001A7E37 /* ARDMessageResponse.m */ = {isa = PBXFileReference; fileEncoding = 4; lastKnownFileType = sourcecode.c.objc; path = ARDMessageResponse.m; sourceTree = "<group>"; };
		E07AEB7F1E70DF9D001A7E37 /* ARDRegisterResponse.h */ = {isa = PBXFileReference; fileEncoding = 4; lastKnownFileType = sourcecode.c.h; path = ARDRegisterResponse.h; sourceTree = "<group>"; };
		E07AEB801E70DF9D001A7E37 /* ARDRegisterResponse.m */ = {isa = PBXFileReference; fileEncoding = 4; lastKnownFileType = sourcecode.c.objc; path = ARDRegisterResponse.m; sourceTree = "<group>"; };
		E07AEB811E70DF9D001A7E37 /* ARDRoomServerClient.h */ = {isa = PBXFileReference; fileEncoding = 4; lastKnownFileType = sourcecode.c.h; path = ARDRoomServerClient.h; sourceTree = "<group>"; };
		E07AEB821E70DF9D001A7E37 /* ARDSDPUtils.h */ = {isa = PBXFileReference; fileEncoding = 4; lastKnownFileType = sourcecode.c.h; path = ARDSDPUtils.h; sourceTree = "<group>"; };
		E07AEB831E70DF9D001A7E37 /* ARDSDPUtils.m */ = {isa = PBXFileReference; fileEncoding = 4; lastKnownFileType = sourcecode.c.objc; path = ARDSDPUtils.m; sourceTree = "<group>"; };
		E07AEB841E70DF9D001A7E37 /* ARDSignalingChannel.h */ = {isa = PBXFileReference; fileEncoding = 4; lastKnownFileType = sourcecode.c.h; path = ARDSignalingChannel.h; sourceTree = "<group>"; };
		E07AEB851E70DF9D001A7E37 /* ARDSignalingMessage.h */ = {isa = PBXFileReference; fileEncoding = 4; lastKnownFileType = sourcecode.c.h; path = ARDSignalingMessage.h; sourceTree = "<group>"; };
		E07AEB861E70DF9D001A7E37 /* ARDSignalingMessage.m */ = {isa = PBXFileReference; fileEncoding = 4; lastKnownFileType = sourcecode.c.objc; path = ARDSignalingMessage.m; sourceTree = "<group>"; };
		E07AEB871E70DF9D001A7E37 /* ARDStatsBuilder.h */ = {isa = PBXFileReference; fileEncoding = 4; lastKnownFileType = sourcecode.c.h; path = ARDStatsBuilder.h; sourceTree = "<group>"; };
		E07AEB881E70DF9D001A7E37 /* ARDStatsBuilder.m */ = {isa = PBXFileReference; fileEncoding = 4; lastKnownFileType = sourcecode.c.objc; path = ARDStatsBuilder.m; sourceTree = "<group>"; };
		E07AEB891E70DF9D001A7E37 /* ARDTURNClient.h */ = {isa = PBXFileReference; fileEncoding = 4; lastKnownFileType = sourcecode.c.h; path = ARDTURNClient.h; sourceTree = "<group>"; };
		E07AEB8A1E70DF9D001A7E37 /* ARDUtilities.h */ = {isa = PBXFileReference; fileEncoding = 4; lastKnownFileType = sourcecode.c.h; path = ARDUtilities.h; sourceTree = "<group>"; };
		E07AEB8B1E70DF9D001A7E37 /* ARDUtilities.m */ = {isa = PBXFileReference; fileEncoding = 4; lastKnownFileType = sourcecode.c.objc; path = ARDUtilities.m; sourceTree = "<group>"; };
		E07AEB8C1E70DF9D001A7E37 /* ARDWebSocketChannel.h */ = {isa = PBXFileReference; fileEncoding = 4; lastKnownFileType = sourcecode.c.h; path = ARDWebSocketChannel.h; sourceTree = "<group>"; };
		E07AEB8D1E70DF9D001A7E37 /* ARDWebSocketChannel.m */ = {isa = PBXFileReference; fileEncoding = 4; lastKnownFileType = sourcecode.c.objc; path = ARDWebSocketChannel.m; sourceTree = "<group>"; };
		E07AEB921E70DF9D001A7E37 /* RTCICECandidate+JSON.h */ = {isa = PBXFileReference; fileEncoding = 4; lastKnownFileType = sourcecode.c.h; path = "RTCICECandidate+JSON.h"; sourceTree = "<group>"; };
		E07AEB931E70DF9D001A7E37 /* RTCICECandidate+JSON.m */ = {isa = PBXFileReference; fileEncoding = 4; lastKnownFileType = sourcecode.c.objc; path = "RTCICECandidate+JSON.m"; sourceTree = "<group>"; };
		E07AEB941E70DF9D001A7E37 /* RTCICEServer+JSON.h */ = {isa = PBXFileReference; fileEncoding = 4; lastKnownFileType = sourcecode.c.h; path = "RTCICEServer+JSON.h"; sourceTree = "<group>"; };
		E07AEB951E70DF9D001A7E37 /* RTCICEServer+JSON.m */ = {isa = PBXFileReference; fileEncoding = 4; lastKnownFileType = sourcecode.c.objc; path = "RTCICEServer+JSON.m"; sourceTree = "<group>"; };
		E07AEB961E70DF9D001A7E37 /* RTCMediaConstraints+JSON.h */ = {isa = PBXFileReference; fileEncoding = 4; lastKnownFileType = sourcecode.c.h; path = "RTCMediaConstraints+JSON.h"; sourceTree = "<group>"; };
		E07AEB971E70DF9D001A7E37 /* RTCMediaConstraints+JSON.m */ = {isa = PBXFileReference; fileEncoding = 4; lastKnownFileType = sourcecode.c.objc; path = "RTCMediaConstraints+JSON.m"; sourceTree = "<group>"; };
		E07AEB981E70DF9D001A7E37 /* RTCSessionDescription+JSON.h */ = {isa = PBXFileReference; fileEncoding = 4; lastKnownFileType = sourcecode.c.h; path = "RTCSessionDescription+JSON.h"; sourceTree = "<group>"; };
		E07AEB991E70DF9D001A7E37 /* RTCSessionDescription+JSON.m */ = {isa = PBXFileReference; fileEncoding = 4; lastKnownFileType = sourcecode.c.objc; path = "RTCSessionDescription+JSON.m"; sourceTree = "<group>"; };
		E07AEB9A1E70DF9D001A7E37 /* SRWebSocket.m */ = {isa = PBXFileReference; fileEncoding = 4; lastKnownFileType = sourcecode.c.objc; path = SRWebSocket.m; sourceTree = "<group>"; };
		E07AEBAD1E70DFC7001A7E37 /* SRWebSocket.h */ = {isa = PBXFileReference; lastKnownFileType = sourcecode.c.h; path = SRWebSocket.h; sourceTree = "<group>"; };
		E07AEBAE1E70E2B5001A7E37 /* Config.swift */ = {isa = PBXFileReference; fileEncoding = 4; lastKnownFileType = sourcecode.swift; path = Config.swift; sourceTree = "<group>"; };
		E07AEBB21E70E830001A7E37 /* NSURLSession+SynchronousRequest.h */ = {isa = PBXFileReference; fileEncoding = 4; lastKnownFileType = sourcecode.c.h; path = "NSURLSession+SynchronousRequest.h"; sourceTree = "<group>"; };
		E07AEBB31E70E830001A7E37 /* NSURLSession+SynchronousRequest.m */ = {isa = PBXFileReference; fileEncoding = 4; lastKnownFileType = sourcecode.c.objc; path = "NSURLSession+SynchronousRequest.m"; sourceTree = "<group>"; };
		E07AEBB51E70EB26001A7E37 /* CallVC.swift */ = {isa = PBXFileReference; fileEncoding = 4; lastKnownFileType = sourcecode.swift; path = CallVC.swift; sourceTree = "<group>"; };
		E07AEBB71E70EB9C001A7E37 /* HomeVC.swift */ = {isa = PBXFileReference; fileEncoding = 4; lastKnownFileType = sourcecode.swift; path = HomeVC.swift; sourceTree = "<group>"; };
		E07AEBBC1E7123DD001A7E37 /* HTTPRequest.h */ = {isa = PBXFileReference; fileEncoding = 4; lastKnownFileType = sourcecode.c.h; path = HTTPRequest.h; sourceTree = "<group>"; };
		E07AEBBD1E7123DD001A7E37 /* HTTPRequest.m */ = {isa = PBXFileReference; fileEncoding = 4; lastKnownFileType = sourcecode.c.objc; path = HTTPRequest.m; sourceTree = "<group>"; };
/* End PBXFileReference section */

/* Begin PBXFrameworksBuildPhase section */
		E06CF49E1E70A04C004B99B8 /* Frameworks */ = {
			isa = PBXFrameworksBuildPhase;
			buildActionMask = 2147483647;
			files = (
				E07AEB671E70DEF4001A7E37 /* libc++.1.dylib in Frameworks */,
				E07AEB681E70DEF4001A7E37 /* libicucore.A.dylib in Frameworks */,
				E07AEB691E70DEF4001A7E37 /* libsqlite3.dylib in Frameworks */,
				E07AEB411E70B062001A7E37 /* AVFoundation.framework in Frameworks */,
				E07AEB3D1E70B051001A7E37 /* CoreMedia.framework in Frameworks */,
				E07AEB3B1E70B045001A7E37 /* CoreVideo.framework in Frameworks */,
				E07AEB391E70B03F001A7E37 /* CoreGraphics.framework in Frameworks */,
				E07AEB631E70DE95001A7E37 /* CoreImage.framework in Frameworks */,
				E07AEB431E70B068001A7E37 /* AudioToolbox.framework in Frameworks */,
				E07AEB611E70DD33001A7E37 /* VideoToolbox.framework in Frameworks */,
				E07AEB451E70B075001A7E37 /* GLKit.framework in Frameworks */,
				E07AEB6C1E70DF34001A7E37 /* WebRTC.framework in Frameworks */,
			);
			runOnlyForDeploymentPostprocessing = 0;
		};
/* End PBXFrameworksBuildPhase section */

/* Begin PBXGroup section */
		E06CF4981E70A04C004B99B8 = {
			isa = PBXGroup;
			children = (
				E06CF4A31E70A04C004B99B8 /* WebRTC-iOS-Client */,
				E06CF4A21E70A04C004B99B8 /* Products */,
				E07AEB331E70B02C001A7E37 /* Frameworks */,
			);
			sourceTree = "<group>";
		};
		E06CF4A21E70A04C004B99B8 /* Products */ = {
			isa = PBXGroup;
			children = (
				E06CF4A11E70A04C004B99B8 /* WebRTC-iOS-Client.app */,
			);
			name = Products;
			sourceTree = "<group>";
		};
		E06CF4A31E70A04C004B99B8 /* WebRTC-iOS-Client */ = {
			isa = PBXGroup;
			children = (
				E07AEB6F1E70DF9D001A7E37 /* Lib */,
				E07AEB111E70A930001A7E37 /* Bridging.h */,
				E07AEBAE1E70E2B5001A7E37 /* Config.swift */,
				E06CF4A41E70A04C004B99B8 /* AppDelegate.swift */,
				E07AEBB51E70EB26001A7E37 /* CallVC.swift */,
				E06CF4A81E70A04C004B99B8 /* Main.storyboard */,
				E06CF4AB1E70A04C004B99B8 /* Assets.xcassets */,
				E06CF4AD1E70A04C004B99B8 /* LaunchScreen.storyboard */,
				E06CF4B01E70A04C004B99B8 /* Info.plist */,
				E07AEBB71E70EB9C001A7E37 /* HomeVC.swift */,
			);
			path = "WebRTC-iOS-Client";
			sourceTree = "<group>";
		};
		E07AEB331E70B02C001A7E37 /* Frameworks */ = {
			isa = PBXGroup;
			children = (
				E07AEB6A1E70DF04001A7E37 /* WebRTC.framework */,
				E07AEB641E70DEF4001A7E37 /* libc++.1.dylib */,
				E07AEB651E70DEF4001A7E37 /* libicucore.A.dylib */,
				E07AEB661E70DEF4001A7E37 /* libsqlite3.dylib */,
				E07AEB621E70DE95001A7E37 /* CoreImage.framework */,
				E07AEB601E70DD33001A7E37 /* VideoToolbox.framework */,
				E07AEB441E70B075001A7E37 /* GLKit.framework */,
				E07AEB421E70B068001A7E37 /* AudioToolbox.framework */,
				E07AEB401E70B062001A7E37 /* AVFoundation.framework */,
				E07AEB3C1E70B051001A7E37 /* CoreMedia.framework */,
				E07AEB3A1E70B045001A7E37 /* CoreVideo.framework */,
				E07AEB381E70B03F001A7E37 /* CoreGraphics.framework */,
				E07AEB361E70B032001A7E37 /* OpenGLES.framework */,
			);
			name = Frameworks;
			sourceTree = "<group>";
		};
		E07AEB6F1E70DF9D001A7E37 /* Lib */ = {
			isa = PBXGroup;
			children = (
				E07AEBBB1E7123DD001A7E37 /* Utility */,
				E07AEB701E70DF9D001A7E37 /* ARDAppClient+Internal.h */,
				E07AEB711E70DF9D001A7E37 /* ARDAppClient.h */,
				E07AEB721E70DF9D001A7E37 /* ARDAppClient.m */,
				E07AEB731E70DF9D001A7E37 /* ARDAppEngineClient.h */,
				E07AEB741E70DF9D001A7E37 /* ARDAppEngineClient.m */,
				E07AEB751E70DF9D001A7E37 /* ARDBitrateTracker.h */,
				E07AEB761E70DF9D001A7E37 /* ARDBitrateTracker.m */,
				E07AEB771E70DF9D001A7E37 /* ARDCEODTURNClient.h */,
				E07AEB781E70DF9D001A7E37 /* ARDCEODTURNClient.m */,
				E07AEB791E70DF9D001A7E37 /* ARDJoinResponse+Internal.h */,
				E07AEB7A1E70DF9D001A7E37 /* ARDJoinResponse.h */,
				E07AEB7B1E70DF9D001A7E37 /* ARDJoinResponse.m */,
				E07AEB7C1E70DF9D001A7E37 /* ARDMessageResponse+Internal.h */,
				E07AEB7D1E70DF9D001A7E37 /* ARDMessageResponse.h */,
				E07AEB7E1E70DF9D001A7E37 /* ARDMessageResponse.m */,
				E07AEB7F1E70DF9D001A7E37 /* ARDRegisterResponse.h */,
				E07AEB801E70DF9D001A7E37 /* ARDRegisterResponse.m */,
				E07AEB811E70DF9D001A7E37 /* ARDRoomServerClient.h */,
				E07AEB821E70DF9D001A7E37 /* ARDSDPUtils.h */,
				E07AEB831E70DF9D001A7E37 /* ARDSDPUtils.m */,
				E07AEB841E70DF9D001A7E37 /* ARDSignalingChannel.h */,
				E07AEB851E70DF9D001A7E37 /* ARDSignalingMessage.h */,
				E07AEB861E70DF9D001A7E37 /* ARDSignalingMessage.m */,
				E07AEB871E70DF9D001A7E37 /* ARDStatsBuilder.h */,
				E07AEB881E70DF9D001A7E37 /* ARDStatsBuilder.m */,
				E07AEB891E70DF9D001A7E37 /* ARDTURNClient.h */,
				E07AEB8A1E70DF9D001A7E37 /* ARDUtilities.h */,
				E07AEB8B1E70DF9D001A7E37 /* ARDUtilities.m */,
				E07AEB8C1E70DF9D001A7E37 /* ARDWebSocketChannel.h */,
				E07AEB8D1E70DF9D001A7E37 /* ARDWebSocketChannel.m */,
				E07AEB921E70DF9D001A7E37 /* RTCICECandidate+JSON.h */,
				E07AEB931E70DF9D001A7E37 /* RTCICECandidate+JSON.m */,
				E07AEB941E70DF9D001A7E37 /* RTCICEServer+JSON.h */,
				E07AEB951E70DF9D001A7E37 /* RTCICEServer+JSON.m */,
				E07AEB961E70DF9D001A7E37 /* RTCMediaConstraints+JSON.h */,
				E07AEB971E70DF9D001A7E37 /* RTCMediaConstraints+JSON.m */,
				E07AEB981E70DF9D001A7E37 /* RTCSessionDescription+JSON.h */,
				E07AEB991E70DF9D001A7E37 /* RTCSessionDescription+JSON.m */,
				E07AEBAD1E70DFC7001A7E37 /* SRWebSocket.h */,
				E07AEB9A1E70DF9D001A7E37 /* SRWebSocket.m */,
				E07AEBB21E70E830001A7E37 /* NSURLSession+SynchronousRequest.h */,
				E07AEBB31E70E830001A7E37 /* NSURLSession+SynchronousRequest.m */,
			);
			path = Lib;
			sourceTree = "<group>";
		};
		E07AEBBB1E7123DD001A7E37 /* Utility */ = {
			isa = PBXGroup;
			children = (
				E07AEBBC1E7123DD001A7E37 /* HTTPRequest.h */,
				E07AEBBD1E7123DD001A7E37 /* HTTPRequest.m */,
			);
			path = Utility;
			sourceTree = "<group>";
		};
/* End PBXGroup section */

/* Begin PBXNativeTarget section */
		E06CF4A01E70A04C004B99B8 /* WebRTC-iOS-Client */ = {
			isa = PBXNativeTarget;
			buildConfigurationList = E06CF4B31E70A04C004B99B8 /* Build configuration list for PBXNativeTarget "WebRTC-iOS-Client" */;
			buildPhases = (
				E06CF49D1E70A04C004B99B8 /* Sources */,
				E06CF49E1E70A04C004B99B8 /* Frameworks */,
				E06CF49F1E70A04C004B99B8 /* Resources */,
				E07AEB6E1E70DF34001A7E37 /* Embed Frameworks */,
			);
			buildRules = (
			);
			dependencies = (
			);
			name = "WebRTC-iOS-Client";
			productName = "WebRTC-iOS-Client";
			productReference = E06CF4A11E70A04C004B99B8 /* WebRTC-iOS-Client.app */;
			productType = "com.apple.product-type.application";
		};
/* End PBXNativeTarget section */

/* Begin PBXProject section */
		E06CF4991E70A04C004B99B8 /* Project object */ = {
			isa = PBXProject;
			attributes = {
				LastSwiftUpdateCheck = 0820;
				LastUpgradeCheck = 0820;
				ORGANIZATIONNAME = Innovation;
				TargetAttributes = {
					E06CF4A01E70A04C004B99B8 = {
						CreatedOnToolsVersion = 8.2.1;
						DevelopmentTeam = SM4CZU5JS6;
						ProvisioningStyle = Automatic;
					};
				};
			};
			buildConfigurationList = E06CF49C1E70A04C004B99B8 /* Build configuration list for PBXProject "WebRTC-iOS-Client" */;
			compatibilityVersion = "Xcode 3.2";
			developmentRegion = English;
			hasScannedForEncodings = 0;
			knownRegions = (
				en,
				Base,
			);
			mainGroup = E06CF4981E70A04C004B99B8;
			productRefGroup = E06CF4A21E70A04C004B99B8 /* Products */;
			projectDirPath = "";
			projectRoot = "";
			targets = (
				E06CF4A01E70A04C004B99B8 /* WebRTC-iOS-Client */,
			);
		};
/* End PBXProject section */

/* Begin PBXResourcesBuildPhase section */
		E06CF49F1E70A04C004B99B8 /* Resources */ = {
			isa = PBXResourcesBuildPhase;
			buildActionMask = 2147483647;
			files = (
				E06CF4AF1E70A04C004B99B8 /* LaunchScreen.storyboard in Resources */,
				E06CF4AC1E70A04C004B99B8 /* Assets.xcassets in Resources */,
				E06CF4AA1E70A04C004B99B8 /* Main.storyboard in Resources */,
			);
			runOnlyForDeploymentPostprocessing = 0;
		};
/* End PBXResourcesBuildPhase section */

/* Begin PBXSourcesBuildPhase section */
		E06CF49D1E70A04C004B99B8 /* Sources */ = {
			isa = PBXSourcesBuildPhase;
			buildActionMask = 2147483647;
			files = (
				E07AEB9C1E70DF9D001A7E37 /* ARDAppEngineClient.m in Sources */,
				E07AEB9B1E70DF9D001A7E37 /* ARDAppClient.m in Sources */,
				E07AEBA21E70DF9D001A7E37 /* ARDSDPUtils.m in Sources */,
				E07AEBB41E70E830001A7E37 /* NSURLSession+SynchronousRequest.m in Sources */,
				E07AEBA41E70DF9D001A7E37 /* ARDStatsBuilder.m in Sources */,
				E07AEB9F1E70DF9D001A7E37 /* ARDJoinResponse.m in Sources */,
				E07AEBA91E70DF9D001A7E37 /* RTCICEServer+JSON.m in Sources */,
				E07AEBA31E70DF9D001A7E37 /* ARDSignalingMessage.m in Sources */,
				E07AEBA51E70DF9D001A7E37 /* ARDUtilities.m in Sources */,
				E07AEBB81E70EB9C001A7E37 /* HomeVC.swift in Sources */,
				E07AEB9D1E70DF9D001A7E37 /* ARDBitrateTracker.m in Sources */,
				E07AEBAB1E70DF9D001A7E37 /* RTCSessionDescription+JSON.m in Sources */,
				E07AEBB61E70EB26001A7E37 /* CallVC.swift in Sources */,
				E07AEBA11E70DF9D001A7E37 /* ARDRegisterResponse.m in Sources */,
				E07AEBBE1E7123DD001A7E37 /* HTTPRequest.m in Sources */,
				E07AEBAC1E70DF9D001A7E37 /* SRWebSocket.m in Sources */,
				E06CF4A51E70A04C004B99B8 /* AppDelegate.swift in Sources */,
				E07AEBA01E70DF9D001A7E37 /* ARDMessageResponse.m in Sources */,
				E07AEBA81E70DF9D001A7E37 /* RTCICECandidate+JSON.m in Sources */,
				E07AEBAF1E70E2B5001A7E37 /* Config.swift in Sources */,
				E07AEBA61E70DF9D001A7E37 /* ARDWebSocketChannel.m in Sources */,
				E07AEB9E1E70DF9D001A7E37 /* ARDCEODTURNClient.m in Sources */,
				E07AEBAA1E70DF9D001A7E37 /* RTCMediaConstraints+JSON.m in Sources */,
			);
			runOnlyForDeploymentPostprocessing = 0;
		};
/* End PBXSourcesBuildPhase section */

/* Begin PBXVariantGroup section */
		E06CF4A81E70A04C004B99B8 /* Main.storyboard */ = {
			isa = PBXVariantGroup;
			children = (
				E06CF4A91E70A04C004B99B8 /* Base */,
			);
			name = Main.storyboard;
			sourceTree = "<group>";
		};
		E06CF4AD1E70A04C004B99B8 /* LaunchScreen.storyboard */ = {
			isa = PBXVariantGroup;
			children = (
				E06CF4AE1E70A04C004B99B8 /* Base */,
			);
			name = LaunchScreen.storyboard;
			sourceTree = "<group>";
		};
/* End PBXVariantGroup section */

/* Begin XCBuildConfiguration section */
		E06CF4B11E70A04C004B99B8 /* Debug */ = {
			isa = XCBuildConfiguration;
			buildSettings = {
				ALWAYS_SEARCH_USER_PATHS = NO;
				CLANG_ANALYZER_NONNULL = YES;
				CLANG_CXX_LANGUAGE_STANDARD = "gnu++0x";
				CLANG_CXX_LIBRARY = "libc++";
				CLANG_ENABLE_MODULES = YES;
				CLANG_ENABLE_OBJC_ARC = YES;
				CLANG_WARN_BOOL_CONVERSION = YES;
				CLANG_WARN_CONSTANT_CONVERSION = YES;
				CLANG_WARN_DIRECT_OBJC_ISA_USAGE = YES_ERROR;
				CLANG_WARN_DOCUMENTATION_COMMENTS = YES;
				CLANG_WARN_EMPTY_BODY = YES;
				CLANG_WARN_ENUM_CONVERSION = YES;
				CLANG_WARN_INFINITE_RECURSION = YES;
				CLANG_WARN_INT_CONVERSION = YES;
				CLANG_WARN_OBJC_ROOT_CLASS = YES_ERROR;
				CLANG_WARN_SUSPICIOUS_MOVE = YES;
				CLANG_WARN_UNREACHABLE_CODE = YES;
				CLANG_WARN__DUPLICATE_METHOD_MATCH = YES;
				"CODE_SIGN_IDENTITY[sdk=iphoneos*]" = "iPhone Developer";
				COPY_PHASE_STRIP = NO;
				DEBUG_INFORMATION_FORMAT = dwarf;
				ENABLE_STRICT_OBJC_MSGSEND = YES;
				ENABLE_TESTABILITY = YES;
				GCC_C_LANGUAGE_STANDARD = gnu99;
				GCC_DYNAMIC_NO_PIC = NO;
				GCC_NO_COMMON_BLOCKS = YES;
				GCC_OPTIMIZATION_LEVEL = 0;
				GCC_PREPROCESSOR_DEFINITIONS = (
					"DEBUG=1",
					"$(inherited)",
				);
				GCC_WARN_64_TO_32_BIT_CONVERSION = YES;
				GCC_WARN_ABOUT_RETURN_TYPE = YES_ERROR;
				GCC_WARN_UNDECLARED_SELECTOR = YES;
				GCC_WARN_UNINITIALIZED_AUTOS = YES_AGGRESSIVE;
				GCC_WARN_UNUSED_FUNCTION = YES;
				GCC_WARN_UNUSED_VARIABLE = YES;
				IPHONEOS_DEPLOYMENT_TARGET = 10.2;
				MTL_ENABLE_DEBUG_INFO = YES;
				ONLY_ACTIVE_ARCH = YES;
				SDKROOT = iphoneos;
				SWIFT_ACTIVE_COMPILATION_CONDITIONS = DEBUG;
				SWIFT_OPTIMIZATION_LEVEL = "-Onone";
				TARGETED_DEVICE_FAMILY = "1,2";
			};
			name = Debug;
		};
		E06CF4B21E70A04C004B99B8 /* Release */ = {
			isa = XCBuildConfiguration;
			buildSettings = {
				ALWAYS_SEARCH_USER_PATHS = NO;
				CLANG_ANALYZER_NONNULL = YES;
				CLANG_CXX_LANGUAGE_STANDARD = "gnu++0x";
				CLANG_CXX_LIBRARY = "libc++";
				CLANG_ENABLE_MODULES = YES;
				CLANG_ENABLE_OBJC_ARC = YES;
				CLANG_WARN_BOOL_CONVERSION = YES;
				CLANG_WARN_CONSTANT_CONVERSION = YES;
				CLANG_WARN_DIRECT_OBJC_ISA_USAGE = YES_ERROR;
				CLANG_WARN_DOCUMENTATION_COMMENTS = YES;
				CLANG_WARN_EMPTY_BODY = YES;
				CLANG_WARN_ENUM_CONVERSION = YES;
				CLANG_WARN_INFINITE_RECURSION = YES;
				CLANG_WARN_INT_CONVERSION = YES;
				CLANG_WARN_OBJC_ROOT_CLASS = YES_ERROR;
				CLANG_WARN_SUSPICIOUS_MOVE = YES;
				CLANG_WARN_UNREACHABLE_CODE = YES;
				CLANG_WARN__DUPLICATE_METHOD_MATCH = YES;
				"CODE_SIGN_IDENTITY[sdk=iphoneos*]" = "iPhone Developer";
				COPY_PHASE_STRIP = NO;
				DEBUG_INFORMATION_FORMAT = "dwarf-with-dsym";
				ENABLE_NS_ASSERTIONS = NO;
				ENABLE_STRICT_OBJC_MSGSEND = YES;
				GCC_C_LANGUAGE_STANDARD = gnu99;
				GCC_NO_COMMON_BLOCKS = YES;
				GCC_WARN_64_TO_32_BIT_CONVERSION = YES;
				GCC_WARN_ABOUT_RETURN_TYPE = YES_ERROR;
				GCC_WARN_UNDECLARED_SELECTOR = YES;
				GCC_WARN_UNINITIALIZED_AUTOS = YES_AGGRESSIVE;
				GCC_WARN_UNUSED_FUNCTION = YES;
				GCC_WARN_UNUSED_VARIABLE = YES;
				IPHONEOS_DEPLOYMENT_TARGET = 10.2;
				MTL_ENABLE_DEBUG_INFO = NO;
				SDKROOT = iphoneos;
				SWIFT_OPTIMIZATION_LEVEL = "-Owholemodule";
				TARGETED_DEVICE_FAMILY = "1,2";
				VALIDATE_PRODUCT = YES;
			};
			name = Release;
		};
		E06CF4B41E70A04C004B99B8 /* Debug */ = {
			isa = XCBuildConfiguration;
			buildSettings = {
				ASSETCATALOG_COMPILER_APPICON_NAME = AppIcon;
				DEVELOPMENT_TEAM = SM4CZU5JS6;
				ENABLE_BITCODE = NO;
				FRAMEWORK_SEARCH_PATHS = "$(PROJECT_DIR)/WebRTC-iOS-Client/Frameworks/WebRTC-iOS";
				HEADER_SEARCH_PATHS = "";
				INFOPLIST_FILE = "WebRTC-iOS-Client/Info.plist";
				LD_RUNPATH_SEARCH_PATHS = "$(inherited) @executable_path/Frameworks";
				LIBRARY_SEARCH_PATHS = "";
				PRODUCT_BUNDLE_IDENTIFIER = "com.votebin.WebRTC-iOS-Client";
				PRODUCT_NAME = "$(TARGET_NAME)";
				SWIFT_OBJC_BRIDGING_HEADER = "WebRTC-iOS-Client/Bridging.h";
				SWIFT_VERSION = 3.0;
			};
			name = Debug;
		};
		E06CF4B51E70A04C004B99B8 /* Release */ = {
			isa = XCBuildConfiguration;
			buildSettings = {
				ASSETCATALOG_COMPILER_APPICON_NAME = AppIcon;
				DEVELOPMENT_TEAM = SM4CZU5JS6;
				ENABLE_BITCODE = NO;
				FRAMEWORK_SEARCH_PATHS = "$(PROJECT_DIR)/WebRTC-iOS-Client/Frameworks/WebRTC-iOS";
				HEADER_SEARCH_PATHS = "";
				INFOPLIST_FILE = "WebRTC-iOS-Client/Info.plist";
				LD_RUNPATH_SEARCH_PATHS = "$(inherited) @executable_path/Frameworks";
				LIBRARY_SEARCH_PATHS = "";
				PRODUCT_BUNDLE_IDENTIFIER = "com.votebin.WebRTC-iOS-Client";
				PRODUCT_NAME = "$(TARGET_NAME)";
				SWIFT_OBJC_BRIDGING_HEADER = "WebRTC-iOS-Client/Bridging.h";
				SWIFT_VERSION = 3.0;
			};
			name = Release;
		};
/* End XCBuildConfiguration section */

/* Begin XCConfigurationList section */
		E06CF49C1E70A04C004B99B8 /* Build configuration list for PBXProject "WebRTC-iOS-Client" */ = {
			isa = XCConfigurationList;
			buildConfigurations = (
				E06CF4B11E70A04C004B99B8 /* Debug */,
				E06CF4B21E70A04C004B99B8 /* Release */,
			);
			defaultConfigurationIsVisible = 0;
			defaultConfigurationName = Release;
		};
		E06CF4B31E70A04C004B99B8 /* Build configuration list for PBXNativeTarget "WebRTC-iOS-Client" */ = {
			isa = XCConfigurationList;
			buildConfigurations = (
				E06CF4B41E70A04C004B99B8 /* Debug */,
				E06CF4B51E70A04C004B99B8 /* Release */,
			);
			defaultConfigurationIsVisible = 0;
			defaultConfigurationName = Release;
		};
/* End XCConfigurationList section */
	};
	rootObject = E06CF4991E70A04C004B99B8 /* Project object */;
}
